// !$*UTF8*$!
{
	archiveVersion = 1;
	classes = {
	};
	objectVersion = 56;
	objects = {

/* Begin PBXBuildFile section */
		5204F298293006AC002051F2 /* LogInConfirmViewModel.swift in Sources */ = {isa = PBXBuildFile; fileRef = 5204F297293006AC002051F2 /* LogInConfirmViewModel.swift */; };
		521F1A2B291E20720039A477 /* Moya in Frameworks */ = {isa = PBXBuildFile; productRef = 521F1A2A291E20720039A477 /* Moya */; };
		525379C2290276DB00682E0B /* RxCocoa in Frameworks */ = {isa = PBXBuildFile; productRef = 525379C1290276DB00682E0B /* RxCocoa */; };
		525379C4290276DB00682E0B /* RxSwift in Frameworks */ = {isa = PBXBuildFile; productRef = 525379C3290276DB00682E0B /* RxSwift */; };
		525379C7290276E600682E0B /* SwiftyColor in Frameworks */ = {isa = PBXBuildFile; productRef = 525379C6290276E600682E0B /* SwiftyColor */; };
		525379CA290276FA00682E0B /* SnapKit in Frameworks */ = {isa = PBXBuildFile; productRef = 525379C9290276FA00682E0B /* SnapKit */; };
		525379CD2902770B00682E0B /* Then in Frameworks */ = {isa = PBXBuildFile; productRef = 525379CC2902770B00682E0B /* Then */; };
		525379EC29027E0900682E0B /* SignInViewController.swift in Sources */ = {isa = PBXBuildFile; fileRef = 525379EB29027E0900682E0B /* SignInViewController.swift */; };
		525379EE29027E4500682E0B /* SignUpViewController.swift in Sources */ = {isa = PBXBuildFile; fileRef = 525379ED29027E4500682E0B /* SignUpViewController.swift */; };
		525379F029027E7000682E0B /* LoginConfirmViewController.swift in Sources */ = {isa = PBXBuildFile; fileRef = 525379EF29027E7000682E0B /* LoginConfirmViewController.swift */; };
		525379F62902809F00682E0B /* FriendViewController.swift in Sources */ = {isa = PBXBuildFile; fileRef = 525379F52902809F00682E0B /* FriendViewController.swift */; };
		525379FC290280DE00682E0B /* ProfileViewController.swift in Sources */ = {isa = PBXBuildFile; fileRef = 525379FB290280DE00682E0B /* ProfileViewController.swift */; };
		52537A02290284DC00682E0B /* UIView +.swift in Sources */ = {isa = PBXBuildFile; fileRef = 52537A01290284DC00682E0B /* UIView +.swift */; };
		528B30502902756B00DD376E /* AppDelegate.swift in Sources */ = {isa = PBXBuildFile; fileRef = 528B304F2902756B00DD376E /* AppDelegate.swift */; };
		528B30522902756B00DD376E /* SceneDelegate.swift in Sources */ = {isa = PBXBuildFile; fileRef = 528B30512902756B00DD376E /* SceneDelegate.swift */; };
		528B30592902756D00DD376E /* Assets.xcassets in Resources */ = {isa = PBXBuildFile; fileRef = 528B30582902756D00DD376E /* Assets.xcassets */; };
		528B305C2902756D00DD376E /* LaunchScreen.storyboard in Resources */ = {isa = PBXBuildFile; fileRef = 528B305A2902756D00DD376E /* LaunchScreen.storyboard */; };
		528E289629324B1400886841 /* SignUpViewModel.swift in Sources */ = {isa = PBXBuildFile; fileRef = 528E289529324B1400886841 /* SignUpViewModel.swift */; };
		529FE3A3292539D000A8D7AE /* NSObject +.swift in Sources */ = {isa = PBXBuildFile; fileRef = 529FE3A2292539D000A8D7AE /* NSObject +.swift */; };
		529FE3A5292539EA00A8D7AE /* UIButton +.swift in Sources */ = {isa = PBXBuildFile; fileRef = 529FE3A4292539EA00A8D7AE /* UIButton +.swift */; };
		529FE3A729253A0500A8D7AE /* Int +.swift in Sources */ = {isa = PBXBuildFile; fileRef = 529FE3A629253A0500A8D7AE /* Int +.swift */; };
		529FE3A929253D8700A8D7AE /* Main.storyboard in Resources */ = {isa = PBXBuildFile; fileRef = 529FE3A829253D8700A8D7AE /* Main.storyboard */; };
		52B59C56290A1F5500844BE7 /* User.swift in Sources */ = {isa = PBXBuildFile; fileRef = 52B59C55290A1F5500844BE7 /* User.swift */; };
		52B59C58290A1F6A00844BE7 /* Chatting.swift in Sources */ = {isa = PBXBuildFile; fileRef = 52B59C57290A1F6A00844BE7 /* Chatting.swift */; };
		52B59C5C290A1FDF00844BE7 /* ProfileButton.swift in Sources */ = {isa = PBXBuildFile; fileRef = 52B59C5B290A1FDF00844BE7 /* ProfileButton.swift */; };
		52B59C5E290A1FF400844BE7 /* LoginTextField.swift in Sources */ = {isa = PBXBuildFile; fileRef = 52B59C5D290A1FF400844BE7 /* LoginTextField.swift */; };
		52B59C60290A204700844BE7 /* ImageName.swift in Sources */ = {isa = PBXBuildFile; fileRef = 52B59C5F290A204700844BE7 /* ImageName.swift */; };
		52B59C64290A206E00844BE7 /* UICollectionView +.swift in Sources */ = {isa = PBXBuildFile; fileRef = 52B59C63290A206E00844BE7 /* UICollectionView +.swift */; };
		52B59C66290A207300844BE7 /* UITableView +.swift in Sources */ = {isa = PBXBuildFile; fileRef = 52B59C65290A207300844BE7 /* UITableView +.swift */; };
		52B59C68290A20CC00844BE7 /* ConsoleLog.swift in Sources */ = {isa = PBXBuildFile; fileRef = 52B59C67290A20CC00844BE7 /* ConsoleLog.swift */; };
		52B59C6A290A21CD00844BE7 /* MainTabBarController.swift in Sources */ = {isa = PBXBuildFile; fileRef = 52B59C69290A21CD00844BE7 /* MainTabBarController.swift */; };
		52B59C7E290A260400844BE7 /* FriendTableViewCell.swift in Sources */ = {isa = PBXBuildFile; fileRef = 52B59C7D290A260400844BE7 /* FriendTableViewCell.swift */; };
		52B59C80290A264000844BE7 /* ChatViewController.swift in Sources */ = {isa = PBXBuildFile; fileRef = 52B59C7F290A264000844BE7 /* ChatViewController.swift */; };
		52B59C83290A265A00844BE7 /* ChattingTableViewCell.swift in Sources */ = {isa = PBXBuildFile; fileRef = 52B59C82290A265A00844BE7 /* ChattingTableViewCell.swift */; };
		52B59C85290A267400844BE7 /* ChattingView.swift in Sources */ = {isa = PBXBuildFile; fileRef = 52B59C84290A267400844BE7 /* ChattingView.swift */; };
		52B59C87290A267D00844BE7 /* OpenChattingView.swift in Sources */ = {isa = PBXBuildFile; fileRef = 52B59C86290A267D00844BE7 /* OpenChattingView.swift */; };
		52B59C89290A268400844BE7 /* ChattingTableViewHeaderView.swift in Sources */ = {isa = PBXBuildFile; fileRef = 52B59C88290A268400844BE7 /* ChattingTableViewHeaderView.swift */; };
		52B59C8B290A26B300844BE7 /* FeedViewController.swift in Sources */ = {isa = PBXBuildFile; fileRef = 52B59C8A290A26B300844BE7 /* FeedViewController.swift */; };
		52B59C8D290A26D500844BE7 /* ShoppingViewController.swift in Sources */ = {isa = PBXBuildFile; fileRef = 52B59C8C290A26D500844BE7 /* ShoppingViewController.swift */; };
		52B59C8F290A26F500844BE7 /* MoreViewController.swift in Sources */ = {isa = PBXBuildFile; fileRef = 52B59C8E290A26F500844BE7 /* MoreViewController.swift */; };
		52F42F39290A86E4005680BC /* FriendViewModel.swift in Sources */ = {isa = PBXBuildFile; fileRef = 52F42F38290A86E4005680BC /* FriendViewModel.swift */; };
		52F42F3B290AA645005680BC /* SignInViewModel.swift in Sources */ = {isa = PBXBuildFile; fileRef = 52F42F3A290AA645005680BC /* SignInViewModel.swift */; };
/* End PBXBuildFile section */

/* Begin PBXFileReference section */
		5204F297293006AC002051F2 /* LogInConfirmViewModel.swift */ = {isa = PBXFileReference; lastKnownFileType = sourcecode.swift; path = LogInConfirmViewModel.swift; sourceTree = "<group>"; };
		525379EB29027E0900682E0B /* SignInViewController.swift */ = {isa = PBXFileReference; lastKnownFileType = sourcecode.swift; path = SignInViewController.swift; sourceTree = "<group>"; };
		525379ED29027E4500682E0B /* SignUpViewController.swift */ = {isa = PBXFileReference; lastKnownFileType = sourcecode.swift; path = SignUpViewController.swift; sourceTree = "<group>"; };
		525379EF29027E7000682E0B /* LoginConfirmViewController.swift */ = {isa = PBXFileReference; lastKnownFileType = sourcecode.swift; path = LoginConfirmViewController.swift; sourceTree = "<group>"; };
		525379F52902809F00682E0B /* FriendViewController.swift */ = {isa = PBXFileReference; lastKnownFileType = sourcecode.swift; path = FriendViewController.swift; sourceTree = "<group>"; };
		525379FB290280DE00682E0B /* ProfileViewController.swift */ = {isa = PBXFileReference; lastKnownFileType = sourcecode.swift; path = ProfileViewController.swift; sourceTree = "<group>"; };
		52537A01290284DC00682E0B /* UIView +.swift */ = {isa = PBXFileReference; lastKnownFileType = sourcecode.swift; path = "UIView +.swift"; sourceTree = "<group>"; };
		528B304C2902756B00DD376E /* Kakao_MVVM.app */ = {isa = PBXFileReference; explicitFileType = wrapper.application; includeInIndex = 0; path = Kakao_MVVM.app; sourceTree = BUILT_PRODUCTS_DIR; };
		528B304F2902756B00DD376E /* AppDelegate.swift */ = {isa = PBXFileReference; lastKnownFileType = sourcecode.swift; path = AppDelegate.swift; sourceTree = "<group>"; };
		528B30512902756B00DD376E /* SceneDelegate.swift */ = {isa = PBXFileReference; lastKnownFileType = sourcecode.swift; path = SceneDelegate.swift; sourceTree = "<group>"; };
		528B30582902756D00DD376E /* Assets.xcassets */ = {isa = PBXFileReference; lastKnownFileType = folder.assetcatalog; path = Assets.xcassets; sourceTree = "<group>"; };
		528B305B2902756D00DD376E /* Base */ = {isa = PBXFileReference; lastKnownFileType = file.storyboard; name = Base; path = Base.lproj/LaunchScreen.storyboard; sourceTree = "<group>"; };
		528B305D2902756D00DD376E /* Info.plist */ = {isa = PBXFileReference; lastKnownFileType = text.plist.xml; path = Info.plist; sourceTree = "<group>"; };
		528E289529324B1400886841 /* SignUpViewModel.swift */ = {isa = PBXFileReference; lastKnownFileType = sourcecode.swift; path = SignUpViewModel.swift; sourceTree = "<group>"; };
		529FE3A2292539D000A8D7AE /* NSObject +.swift */ = {isa = PBXFileReference; lastKnownFileType = sourcecode.swift; path = "NSObject +.swift"; sourceTree = "<group>"; };
		529FE3A4292539EA00A8D7AE /* UIButton +.swift */ = {isa = PBXFileReference; lastKnownFileType = sourcecode.swift; path = "UIButton +.swift"; sourceTree = "<group>"; };
		529FE3A629253A0500A8D7AE /* Int +.swift */ = {isa = PBXFileReference; lastKnownFileType = sourcecode.swift; path = "Int +.swift"; sourceTree = "<group>"; };
		529FE3A829253D8700A8D7AE /* Main.storyboard */ = {isa = PBXFileReference; lastKnownFileType = file.storyboard; path = Main.storyboard; sourceTree = "<group>"; };
		52B59C55290A1F5500844BE7 /* User.swift */ = {isa = PBXFileReference; lastKnownFileType = sourcecode.swift; path = User.swift; sourceTree = "<group>"; };
		52B59C57290A1F6A00844BE7 /* Chatting.swift */ = {isa = PBXFileReference; lastKnownFileType = sourcecode.swift; path = Chatting.swift; sourceTree = "<group>"; };
		52B59C5B290A1FDF00844BE7 /* ProfileButton.swift */ = {isa = PBXFileReference; lastKnownFileType = sourcecode.swift; path = ProfileButton.swift; sourceTree = "<group>"; };
		52B59C5D290A1FF400844BE7 /* LoginTextField.swift */ = {isa = PBXFileReference; lastKnownFileType = sourcecode.swift; path = LoginTextField.swift; sourceTree = "<group>"; };
		52B59C5F290A204700844BE7 /* ImageName.swift */ = {isa = PBXFileReference; lastKnownFileType = sourcecode.swift; path = ImageName.swift; sourceTree = "<group>"; };
		52B59C63290A206E00844BE7 /* UICollectionView +.swift */ = {isa = PBXFileReference; lastKnownFileType = sourcecode.swift; path = "UICollectionView +.swift"; sourceTree = "<group>"; };
		52B59C65290A207300844BE7 /* UITableView +.swift */ = {isa = PBXFileReference; lastKnownFileType = sourcecode.swift; path = "UITableView +.swift"; sourceTree = "<group>"; };
		52B59C67290A20CC00844BE7 /* ConsoleLog.swift */ = {isa = PBXFileReference; lastKnownFileType = sourcecode.swift; path = ConsoleLog.swift; sourceTree = "<group>"; };
		52B59C69290A21CD00844BE7 /* MainTabBarController.swift */ = {isa = PBXFileReference; lastKnownFileType = sourcecode.swift; path = MainTabBarController.swift; sourceTree = "<group>"; };
		52B59C7D290A260400844BE7 /* FriendTableViewCell.swift */ = {isa = PBXFileReference; lastKnownFileType = sourcecode.swift; path = FriendTableViewCell.swift; sourceTree = "<group>"; };
		52B59C7F290A264000844BE7 /* ChatViewController.swift */ = {isa = PBXFileReference; lastKnownFileType = sourcecode.swift; path = ChatViewController.swift; sourceTree = "<group>"; };
		52B59C82290A265A00844BE7 /* ChattingTableViewCell.swift */ = {isa = PBXFileReference; lastKnownFileType = sourcecode.swift; path = ChattingTableViewCell.swift; sourceTree = "<group>"; };
		52B59C84290A267400844BE7 /* ChattingView.swift */ = {isa = PBXFileReference; lastKnownFileType = sourcecode.swift; path = ChattingView.swift; sourceTree = "<group>"; };
		52B59C86290A267D00844BE7 /* OpenChattingView.swift */ = {isa = PBXFileReference; lastKnownFileType = sourcecode.swift; path = OpenChattingView.swift; sourceTree = "<group>"; };
		52B59C88290A268400844BE7 /* ChattingTableViewHeaderView.swift */ = {isa = PBXFileReference; lastKnownFileType = sourcecode.swift; path = ChattingTableViewHeaderView.swift; sourceTree = "<group>"; };
		52B59C8A290A26B300844BE7 /* FeedViewController.swift */ = {isa = PBXFileReference; lastKnownFileType = sourcecode.swift; path = FeedViewController.swift; sourceTree = "<group>"; };
		52B59C8C290A26D500844BE7 /* ShoppingViewController.swift */ = {isa = PBXFileReference; lastKnownFileType = sourcecode.swift; path = ShoppingViewController.swift; sourceTree = "<group>"; };
		52B59C8E290A26F500844BE7 /* MoreViewController.swift */ = {isa = PBXFileReference; lastKnownFileType = sourcecode.swift; path = MoreViewController.swift; sourceTree = "<group>"; };
		52F42F38290A86E4005680BC /* FriendViewModel.swift */ = {isa = PBXFileReference; lastKnownFileType = sourcecode.swift; path = FriendViewModel.swift; sourceTree = "<group>"; };
		52F42F3A290AA645005680BC /* SignInViewModel.swift */ = {isa = PBXFileReference; lastKnownFileType = sourcecode.swift; path = SignInViewModel.swift; sourceTree = "<group>"; };
/* End PBXFileReference section */

/* Begin PBXFrameworksBuildPhase section */
		528B30492902756B00DD376E /* Frameworks */ = {
			isa = PBXFrameworksBuildPhase;
			buildActionMask = 2147483647;
			files = (
				525379CD2902770B00682E0B /* Then in Frameworks */,
				525379C4290276DB00682E0B /* RxSwift in Frameworks */,
				521F1A2B291E20720039A477 /* Moya in Frameworks */,
				525379CA290276FA00682E0B /* SnapKit in Frameworks */,
				525379C7290276E600682E0B /* SwiftyColor in Frameworks */,
				525379C2290276DB00682E0B /* RxCocoa in Frameworks */,
			);
			runOnlyForDeploymentPostprocessing = 0;
		};
/* End PBXFrameworksBuildPhase section */

/* Begin PBXGroup section */
		521F1A23291A41060039A477 /* ViewModel */ = {
			isa = PBXGroup;
			children = (
				528E289529324B1400886841 /* SignUpViewModel.swift */,
			);
			path = ViewModel;
			sourceTree = "<group>";
		};
		525379D129027A7D00682E0B /* Application */ = {
			isa = PBXGroup;
			children = (
				528B304F2902756B00DD376E /* AppDelegate.swift */,
				528B30512902756B00DD376E /* SceneDelegate.swift */,
			);
			path = Application;
			sourceTree = "<group>";
		};
		525379D229027BB500682E0B /* Presentation */ = {
			isa = PBXGroup;
			children = (
				525379D529027C2200682E0B /* Common */,
				525379D629027C3400682E0B /* Auth */,
				525379D729027C6100682E0B /* Tabbar */,
			);
			path = Presentation;
			sourceTree = "<group>";
		};
		525379D329027BB800682E0B /* Global */ = {
			isa = PBXGroup;
			children = (
				52B59C5A290A1FCF00844BE7 /* NameSpace */,
				525379E829027D0600682E0B /* Protocol */,
				525379E729027CFD00682E0B /* Resources */,
				525379E629027CF200682E0B /* Extensions */,
			);
			path = Global;
			sourceTree = "<group>";
		};
		525379D429027BC000682E0B /* Utils */ = {
			isa = PBXGroup;
			children = (
				52B59C59290A1FC700844BE7 /* CustomView */,
			);
			path = Utils;
			sourceTree = "<group>";
		};
		525379D529027C2200682E0B /* Common */ = {
			isa = PBXGroup;
			children = (
				525379F7290280C600682E0B /* Profile */,
			);
			path = Common;
			sourceTree = "<group>";
		};
		525379D629027C3400682E0B /* Auth */ = {
			isa = PBXGroup;
			children = (
				525379D929027C6E00682E0B /* SignIn */,
				525379DA29027C7400682E0B /* SignUp */,
				525379D829027C6800682E0B /* LoginConfirm */,
			);
			path = Auth;
			sourceTree = "<group>";
		};
		525379D729027C6100682E0B /* Tabbar */ = {
			isa = PBXGroup;
			children = (
				525379F12902807600682E0B /* Friend */,
				52B59C6B290A22DE00844BE7 /* Chat */,
				52B59C6C290A22EE00844BE7 /* Feed */,
				52B59C6D290A22F600844BE7 /* Shopping */,
				52B59C6E290A22FA00844BE7 /* More */,
				52B59C69290A21CD00844BE7 /* MainTabBarController.swift */,
			);
			path = Tabbar;
			sourceTree = "<group>";
		};
		525379D829027C6800682E0B /* LoginConfirm */ = {
			isa = PBXGroup;
			children = (
				525379E529027CBD00682E0B /* ViewModel */,
				525379E429027CB900682E0B /* ViewController */,
				525379E329027CB600682E0B /* View */,
			);
			path = LoginConfirm;
			sourceTree = "<group>";
		};
		525379D929027C6E00682E0B /* SignIn */ = {
			isa = PBXGroup;
			children = (
				525379E229027CB200682E0B /* ViewModel */,
				525379E129027CAC00682E0B /* ViewController */,
				525379E029027CA100682E0B /* View */,
			);
			path = SignIn;
			sourceTree = "<group>";
		};
		525379DA29027C7400682E0B /* SignUp */ = {
			isa = PBXGroup;
			children = (
				521F1A23291A41060039A477 /* ViewModel */,
				525379DE29027C9500682E0B /* ViewController */,
				525379DB29027C8A00682E0B /* View */,
			);
			path = SignUp;
			sourceTree = "<group>";
		};
		525379DB29027C8A00682E0B /* View */ = {
			isa = PBXGroup;
			children = (
			);
			path = View;
			sourceTree = "<group>";
		};
		525379DE29027C9500682E0B /* ViewController */ = {
			isa = PBXGroup;
			children = (
				525379ED29027E4500682E0B /* SignUpViewController.swift */,
			);
			path = ViewController;
			sourceTree = "<group>";
		};
		525379E029027CA100682E0B /* View */ = {
			isa = PBXGroup;
			children = (
			);
			path = View;
			sourceTree = "<group>";
		};
		525379E129027CAC00682E0B /* ViewController */ = {
			isa = PBXGroup;
			children = (
				525379EB29027E0900682E0B /* SignInViewController.swift */,
			);
			path = ViewController;
			sourceTree = "<group>";
		};
		525379E229027CB200682E0B /* ViewModel */ = {
			isa = PBXGroup;
			children = (
				52F42F3A290AA645005680BC /* SignInViewModel.swift */,
			);
			path = ViewModel;
			sourceTree = "<group>";
		};
		525379E329027CB600682E0B /* View */ = {
			isa = PBXGroup;
			children = (
			);
			path = View;
			sourceTree = "<group>";
		};
		525379E429027CB900682E0B /* ViewController */ = {
			isa = PBXGroup;
			children = (
				525379EF29027E7000682E0B /* LoginConfirmViewController.swift */,
			);
			path = ViewController;
			sourceTree = "<group>";
		};
		525379E529027CBD00682E0B /* ViewModel */ = {
			isa = PBXGroup;
			children = (
				5204F297293006AC002051F2 /* LogInConfirmViewModel.swift */,
			);
			path = ViewModel;
			sourceTree = "<group>";
		};
		525379E629027CF200682E0B /* Extensions */ = {
			isa = PBXGroup;
			children = (
				529FE3A629253A0500A8D7AE /* Int +.swift */,
				52537A01290284DC00682E0B /* UIView +.swift */,
				52B59C65290A207300844BE7 /* UITableView +.swift */,
				52B59C63290A206E00844BE7 /* UICollectionView +.swift */,
				529FE3A2292539D000A8D7AE /* NSObject +.swift */,
				529FE3A4292539EA00A8D7AE /* UIButton +.swift */,
			);
			path = Extensions;
			sourceTree = "<group>";
		};
		525379E729027CFD00682E0B /* Resources */ = {
			isa = PBXGroup;
			children = (
				529FE3A829253D8700A8D7AE /* Main.storyboard */,
				528B305A2902756D00DD376E /* LaunchScreen.storyboard */,
				528B30582902756D00DD376E /* Assets.xcassets */,
				52B59C67290A20CC00844BE7 /* ConsoleLog.swift */,
			);
			path = Resources;
			sourceTree = "<group>";
		};
		525379E829027D0600682E0B /* Protocol */ = {
			isa = PBXGroup;
			children = (
			);
			path = Protocol;
			sourceTree = "<group>";
		};
		525379EA29027D2C00682E0B /* Literals */ = {
			isa = PBXGroup;
			children = (
			);
			path = Literals;
			sourceTree = "<group>";
		};
		525379F12902807600682E0B /* Friend */ = {
			isa = PBXGroup;
			children = (
				525379F32902808100682E0B /* ViewController */,
				525379F22902807D00682E0B /* View */,
				525379F42902808900682E0B /* ViewModel */,
			);
			path = Friend;
			sourceTree = "<group>";
		};
		525379F22902807D00682E0B /* View */ = {
			isa = PBXGroup;
			children = (
				52B59C7C290A25D500844BE7 /* Cell */,
			);
			path = View;
			sourceTree = "<group>";
		};
		525379F32902808100682E0B /* ViewController */ = {
			isa = PBXGroup;
			children = (
				525379F52902809F00682E0B /* FriendViewController.swift */,
			);
			path = ViewController;
			sourceTree = "<group>";
		};
		525379F42902808900682E0B /* ViewModel */ = {
			isa = PBXGroup;
			children = (
				52F42F38290A86E4005680BC /* FriendViewModel.swift */,
			);
			path = ViewModel;
			sourceTree = "<group>";
		};
		525379F7290280C600682E0B /* Profile */ = {
			isa = PBXGroup;
			children = (
				525379FA290280D100682E0B /* ViewModel */,
				525379F9290280CC00682E0B /* ViewController */,
				525379F8290280CA00682E0B /* View */,
			);
			path = Profile;
			sourceTree = "<group>";
		};
		525379F8290280CA00682E0B /* View */ = {
			isa = PBXGroup;
			children = (
			);
			path = View;
			sourceTree = "<group>";
		};
		525379F9290280CC00682E0B /* ViewController */ = {
			isa = PBXGroup;
			children = (
				525379FB290280DE00682E0B /* ProfileViewController.swift */,
			);
			path = ViewController;
			sourceTree = "<group>";
		};
		525379FA290280D100682E0B /* ViewModel */ = {
			isa = PBXGroup;
			children = (
			);
			path = ViewModel;
			sourceTree = "<group>";
		};
		528B30432902756B00DD376E = {
			isa = PBXGroup;
			children = (
				528B304E2902756B00DD376E /* Kakao_MVVM */,
				528B304D2902756B00DD376E /* Products */,
			);
			sourceTree = "<group>";
		};
		528B304D2902756B00DD376E /* Products */ = {
			isa = PBXGroup;
			children = (
				528B304C2902756B00DD376E /* Kakao_MVVM.app */,
			);
			name = Products;
			sourceTree = "<group>";
		};
		528B304E2902756B00DD376E /* Kakao_MVVM */ = {
			isa = PBXGroup;
			children = (
				528B305D2902756D00DD376E /* Info.plist */,
				52B59C54290A1F1000844BE7 /* Model */,
				525379D129027A7D00682E0B /* Application */,
				525379D329027BB800682E0B /* Global */,
				525379D229027BB500682E0B /* Presentation */,
				525379D429027BC000682E0B /* Utils */,
			);
			path = Kakao_MVVM;
			sourceTree = "<group>";
		};
		52B59C54290A1F1000844BE7 /* Model */ = {
			isa = PBXGroup;
			children = (
				52B59C55290A1F5500844BE7 /* User.swift */,
				52B59C57290A1F6A00844BE7 /* Chatting.swift */,
			);
			path = Model;
			sourceTree = "<group>";
		};
		52B59C59290A1FC700844BE7 /* CustomView */ = {
			isa = PBXGroup;
			children = (
				52B59C5B290A1FDF00844BE7 /* ProfileButton.swift */,
				52B59C5D290A1FF400844BE7 /* LoginTextField.swift */,
			);
			path = CustomView;
			sourceTree = "<group>";
		};
		52B59C5A290A1FCF00844BE7 /* NameSpace */ = {
			isa = PBXGroup;
			children = (
				525379EA29027D2C00682E0B /* Literals */,
				52B59C5F290A204700844BE7 /* ImageName.swift */,
			);
			path = NameSpace;
			sourceTree = "<group>";
		};
		52B59C6B290A22DE00844BE7 /* Chat */ = {
			isa = PBXGroup;
			children = (
				52B59C77290A233500844BE7 /* ViewController */,
				52B59C73290A232400844BE7 /* View */,
				52B59C6F290A231800844BE7 /* ViewModel */,
			);
			path = Chat;
			sourceTree = "<group>";
		};
		52B59C6C290A22EE00844BE7 /* Feed */ = {
			isa = PBXGroup;
			children = (
				52B59C78290A233700844BE7 /* ViewController */,
				52B59C74290A232600844BE7 /* View */,
				52B59C70290A231B00844BE7 /* ViewModel */,
			);
			path = Feed;
			sourceTree = "<group>";
		};
		52B59C6D290A22F600844BE7 /* Shopping */ = {
			isa = PBXGroup;
			children = (
				52B59C79290A233800844BE7 /* ViewController */,
				52B59C75290A232800844BE7 /* View */,
				52B59C71290A231D00844BE7 /* ViewModel */,
			);
			path = Shopping;
			sourceTree = "<group>";
		};
		52B59C6E290A22FA00844BE7 /* More */ = {
			isa = PBXGroup;
			children = (
				52B59C7A290A233A00844BE7 /* ViewController */,
				52B59C76290A232B00844BE7 /* View */,
				52B59C72290A231F00844BE7 /* ViewModel */,
			);
			path = More;
			sourceTree = "<group>";
		};
		52B59C6F290A231800844BE7 /* ViewModel */ = {
			isa = PBXGroup;
			children = (
			);
			path = ViewModel;
			sourceTree = "<group>";
		};
		52B59C70290A231B00844BE7 /* ViewModel */ = {
			isa = PBXGroup;
			children = (
			);
			path = ViewModel;
			sourceTree = "<group>";
		};
		52B59C71290A231D00844BE7 /* ViewModel */ = {
			isa = PBXGroup;
			children = (
			);
			path = ViewModel;
			sourceTree = "<group>";
		};
		52B59C72290A231F00844BE7 /* ViewModel */ = {
			isa = PBXGroup;
			children = (
			);
			path = ViewModel;
			sourceTree = "<group>";
		};
		52B59C73290A232400844BE7 /* View */ = {
			isa = PBXGroup;
			children = (
				52B59C84290A267400844BE7 /* ChattingView.swift */,
				52B59C86290A267D00844BE7 /* OpenChattingView.swift */,
				52B59C88290A268400844BE7 /* ChattingTableViewHeaderView.swift */,
				52B59C81290A265300844BE7 /*  Cell */,
			);
			path = View;
			sourceTree = "<group>";
		};
		52B59C74290A232600844BE7 /* View */ = {
			isa = PBXGroup;
			children = (
			);
			path = View;
			sourceTree = "<group>";
		};
		52B59C75290A232800844BE7 /* View */ = {
			isa = PBXGroup;
			children = (
			);
			path = View;
			sourceTree = "<group>";
		};
		52B59C76290A232B00844BE7 /* View */ = {
			isa = PBXGroup;
			children = (
			);
			path = View;
			sourceTree = "<group>";
		};
		52B59C77290A233500844BE7 /* ViewController */ = {
			isa = PBXGroup;
			children = (
				52B59C7F290A264000844BE7 /* ChatViewController.swift */,
			);
			path = ViewController;
			sourceTree = "<group>";
		};
		52B59C78290A233700844BE7 /* ViewController */ = {
			isa = PBXGroup;
			children = (
				52B59C8A290A26B300844BE7 /* FeedViewController.swift */,
			);
			path = ViewController;
			sourceTree = "<group>";
		};
		52B59C79290A233800844BE7 /* ViewController */ = {
			isa = PBXGroup;
			children = (
				52B59C8C290A26D500844BE7 /* ShoppingViewController.swift */,
			);
			path = ViewController;
			sourceTree = "<group>";
		};
		52B59C7A290A233A00844BE7 /* ViewController */ = {
			isa = PBXGroup;
			children = (
				52B59C8E290A26F500844BE7 /* MoreViewController.swift */,
			);
			path = ViewController;
			sourceTree = "<group>";
		};
		52B59C7C290A25D500844BE7 /* Cell */ = {
			isa = PBXGroup;
			children = (
				52B59C7D290A260400844BE7 /* FriendTableViewCell.swift */,
			);
			path = Cell;
			sourceTree = "<group>";
		};
		52B59C81290A265300844BE7 /*  Cell */ = {
			isa = PBXGroup;
			children = (
				52B59C82290A265A00844BE7 /* ChattingTableViewCell.swift */,
			);
			path = " Cell";
			sourceTree = "<group>";
		};
/* End PBXGroup section */

/* Begin PBXNativeTarget section */
		528B304B2902756B00DD376E /* Kakao_MVVM */ = {
			isa = PBXNativeTarget;
			buildConfigurationList = 528B30602902756D00DD376E /* Build configuration list for PBXNativeTarget "Kakao_MVVM" */;
			buildPhases = (
				528B30482902756B00DD376E /* Sources */,
				528B30492902756B00DD376E /* Frameworks */,
				528B304A2902756B00DD376E /* Resources */,
			);
			buildRules = (
			);
			dependencies = (
			);
			name = Kakao_MVVM;
			packageProductDependencies = (
				525379C1290276DB00682E0B /* RxCocoa */,
				525379C3290276DB00682E0B /* RxSwift */,
				525379C6290276E600682E0B /* SwiftyColor */,
				525379C9290276FA00682E0B /* SnapKit */,
				525379CC2902770B00682E0B /* Then */,
				521F1A2A291E20720039A477 /* Moya */,
			);
			productName = Kakao_MVVM;
			productReference = 528B304C2902756B00DD376E /* Kakao_MVVM.app */;
			productType = "com.apple.product-type.application";
		};
/* End PBXNativeTarget section */

/* Begin PBXProject section */
		528B30442902756B00DD376E /* Project object */ = {
			isa = PBXProject;
			attributes = {
				BuildIndependentTargetsInParallel = 1;
				LastSwiftUpdateCheck = 1400;
				LastUpgradeCheck = 1400;
				TargetAttributes = {
					528B304B2902756B00DD376E = {
						CreatedOnToolsVersion = 14.0.1;
					};
				};
			};
			buildConfigurationList = 528B30472902756B00DD376E /* Build configuration list for PBXProject "Kakao_MVVM" */;
			compatibilityVersion = "Xcode 14.0";
			developmentRegion = en;
			hasScannedForEncodings = 0;
			knownRegions = (
				en,
				Base,
			);
			mainGroup = 528B30432902756B00DD376E;
			packageReferences = (
				525379C0290276DB00682E0B /* XCRemoteSwiftPackageReference "RxSwift" */,
				525379C5290276E600682E0B /* XCRemoteSwiftPackageReference "SwiftyColor" */,
				525379C8290276FA00682E0B /* XCRemoteSwiftPackageReference "SnapKit" */,
				525379CB2902770B00682E0B /* XCRemoteSwiftPackageReference "Then" */,
				521F1A29291E20720039A477 /* XCRemoteSwiftPackageReference "Moya" */,
			);
			productRefGroup = 528B304D2902756B00DD376E /* Products */;
			projectDirPath = "";
			projectRoot = "";
			targets = (
				528B304B2902756B00DD376E /* Kakao_MVVM */,
			);
		};
/* End PBXProject section */

/* Begin PBXResourcesBuildPhase section */
		528B304A2902756B00DD376E /* Resources */ = {
			isa = PBXResourcesBuildPhase;
			buildActionMask = 2147483647;
			files = (
				528B305C2902756D00DD376E /* LaunchScreen.storyboard in Resources */,
				528B30592902756D00DD376E /* Assets.xcassets in Resources */,
				529FE3A929253D8700A8D7AE /* Main.storyboard in Resources */,
			);
			runOnlyForDeploymentPostprocessing = 0;
		};
/* End PBXResourcesBuildPhase section */

/* Begin PBXSourcesBuildPhase section */
		528B30482902756B00DD376E /* Sources */ = {
			isa = PBXSourcesBuildPhase;
			buildActionMask = 2147483647;
			files = (
				52B59C85290A267400844BE7 /* ChattingView.swift in Sources */,
				52B59C5C290A1FDF00844BE7 /* ProfileButton.swift in Sources */,
				52B59C6A290A21CD00844BE7 /* MainTabBarController.swift in Sources */,
				52B59C68290A20CC00844BE7 /* ConsoleLog.swift in Sources */,
				52B59C64290A206E00844BE7 /* UICollectionView +.swift in Sources */,
				52B59C60290A204700844BE7 /* ImageName.swift in Sources */,
				525379F62902809F00682E0B /* FriendViewController.swift in Sources */,
				52B59C8D290A26D500844BE7 /* ShoppingViewController.swift in Sources */,
				52B59C66290A207300844BE7 /* UITableView +.swift in Sources */,
				5204F298293006AC002051F2 /* LogInConfirmViewModel.swift in Sources */,
				52B59C83290A265A00844BE7 /* ChattingTableViewCell.swift in Sources */,
				525379F029027E7000682E0B /* LoginConfirmViewController.swift in Sources */,
				52B59C58290A1F6A00844BE7 /* Chatting.swift in Sources */,
				528B30502902756B00DD376E /* AppDelegate.swift in Sources */,
				528B30522902756B00DD376E /* SceneDelegate.swift in Sources */,
				529FE3A5292539EA00A8D7AE /* UIButton +.swift in Sources */,
				529FE3A3292539D000A8D7AE /* NSObject +.swift in Sources */,
				525379FC290280DE00682E0B /* ProfileViewController.swift in Sources */,
				52F42F39290A86E4005680BC /* FriendViewModel.swift in Sources */,
				52B59C87290A267D00844BE7 /* OpenChattingView.swift in Sources */,
				525379EE29027E4500682E0B /* SignUpViewController.swift in Sources */,
				52B59C8F290A26F500844BE7 /* MoreViewController.swift in Sources */,
				525379EC29027E0900682E0B /* SignInViewController.swift in Sources */,
				52B59C8B290A26B300844BE7 /* FeedViewController.swift in Sources */,
				52537A02290284DC00682E0B /* UIView +.swift in Sources */,
				529FE3A729253A0500A8D7AE /* Int +.swift in Sources */,
				52B59C56290A1F5500844BE7 /* User.swift in Sources */,
				52F42F3B290AA645005680BC /* SignInViewModel.swift in Sources */,
				52B59C7E290A260400844BE7 /* FriendTableViewCell.swift in Sources */,
				52B59C80290A264000844BE7 /* ChatViewController.swift in Sources */,
				52B59C5E290A1FF400844BE7 /* LoginTextField.swift in Sources */,
				528E289629324B1400886841 /* SignUpViewModel.swift in Sources */,
				52B59C89290A268400844BE7 /* ChattingTableViewHeaderView.swift in Sources */,
			);
			runOnlyForDeploymentPostprocessing = 0;
		};
/* End PBXSourcesBuildPhase section */

/* Begin PBXVariantGroup section */
		528B305A2902756D00DD376E /* LaunchScreen.storyboard */ = {
			isa = PBXVariantGroup;
			children = (
				528B305B2902756D00DD376E /* Base */,
			);
			name = LaunchScreen.storyboard;
			sourceTree = "<group>";
		};
/* End PBXVariantGroup section */

/* Begin XCBuildConfiguration section */
		528B305E2902756D00DD376E /* Debug */ = {
			isa = XCBuildConfiguration;
			buildSettings = {
				ALWAYS_SEARCH_USER_PATHS = NO;
				CLANG_ANALYZER_NONNULL = YES;
				CLANG_ANALYZER_NUMBER_OBJECT_CONVERSION = YES_AGGRESSIVE;
				CLANG_CXX_LANGUAGE_STANDARD = "gnu++20";
				CLANG_ENABLE_MODULES = YES;
				CLANG_ENABLE_OBJC_ARC = YES;
				CLANG_ENABLE_OBJC_WEAK = YES;
				CLANG_WARN_BLOCK_CAPTURE_AUTORELEASING = YES;
				CLANG_WARN_BOOL_CONVERSION = YES;
				CLANG_WARN_COMMA = YES;
				CLANG_WARN_CONSTANT_CONVERSION = YES;
				CLANG_WARN_DEPRECATED_OBJC_IMPLEMENTATIONS = YES;
				CLANG_WARN_DIRECT_OBJC_ISA_USAGE = YES_ERROR;
				CLANG_WARN_DOCUMENTATION_COMMENTS = YES;
				CLANG_WARN_EMPTY_BODY = YES;
				CLANG_WARN_ENUM_CONVERSION = YES;
				CLANG_WARN_INFINITE_RECURSION = YES;
				CLANG_WARN_INT_CONVERSION = YES;
				CLANG_WARN_NON_LITERAL_NULL_CONVERSION = YES;
				CLANG_WARN_OBJC_IMPLICIT_RETAIN_SELF = YES;
				CLANG_WARN_OBJC_LITERAL_CONVERSION = YES;
				CLANG_WARN_OBJC_ROOT_CLASS = YES_ERROR;
				CLANG_WARN_QUOTED_INCLUDE_IN_FRAMEWORK_HEADER = YES;
				CLANG_WARN_RANGE_LOOP_ANALYSIS = YES;
				CLANG_WARN_STRICT_PROTOTYPES = YES;
				CLANG_WARN_SUSPICIOUS_MOVE = YES;
				CLANG_WARN_UNGUARDED_AVAILABILITY = YES_AGGRESSIVE;
				CLANG_WARN_UNREACHABLE_CODE = YES;
				CLANG_WARN__DUPLICATE_METHOD_MATCH = YES;
				COPY_PHASE_STRIP = NO;
				DEBUG_INFORMATION_FORMAT = dwarf;
				ENABLE_STRICT_OBJC_MSGSEND = YES;
				ENABLE_TESTABILITY = YES;
				GCC_C_LANGUAGE_STANDARD = gnu11;
				GCC_DYNAMIC_NO_PIC = NO;
				GCC_NO_COMMON_BLOCKS = YES;
				GCC_OPTIMIZATION_LEVEL = 0;
				GCC_PREPROCESSOR_DEFINITIONS = (
					"DEBUG=1",
					"$(inherited)",
				);
				GCC_WARN_64_TO_32_BIT_CONVERSION = YES;
				GCC_WARN_ABOUT_RETURN_TYPE = YES_ERROR;
				GCC_WARN_UNDECLARED_SELECTOR = YES;
				GCC_WARN_UNINITIALIZED_AUTOS = YES_AGGRESSIVE;
				GCC_WARN_UNUSED_FUNCTION = YES;
				GCC_WARN_UNUSED_VARIABLE = YES;
				IPHONEOS_DEPLOYMENT_TARGET = 16.0;
				MTL_ENABLE_DEBUG_INFO = INCLUDE_SOURCE;
				MTL_FAST_MATH = YES;
				ONLY_ACTIVE_ARCH = YES;
				SDKROOT = iphoneos;
				SWIFT_ACTIVE_COMPILATION_CONDITIONS = DEBUG;
				SWIFT_OPTIMIZATION_LEVEL = "-Onone";
			};
			name = Debug;
		};
		528B305F2902756D00DD376E /* Release */ = {
			isa = XCBuildConfiguration;
			buildSettings = {
				ALWAYS_SEARCH_USER_PATHS = NO;
				CLANG_ANALYZER_NONNULL = YES;
				CLANG_ANALYZER_NUMBER_OBJECT_CONVERSION = YES_AGGRESSIVE;
				CLANG_CXX_LANGUAGE_STANDARD = "gnu++20";
				CLANG_ENABLE_MODULES = YES;
				CLANG_ENABLE_OBJC_ARC = YES;
				CLANG_ENABLE_OBJC_WEAK = YES;
				CLANG_WARN_BLOCK_CAPTURE_AUTORELEASING = YES;
				CLANG_WARN_BOOL_CONVERSION = YES;
				CLANG_WARN_COMMA = YES;
				CLANG_WARN_CONSTANT_CONVERSION = YES;
				CLANG_WARN_DEPRECATED_OBJC_IMPLEMENTATIONS = YES;
				CLANG_WARN_DIRECT_OBJC_ISA_USAGE = YES_ERROR;
				CLANG_WARN_DOCUMENTATION_COMMENTS = YES;
				CLANG_WARN_EMPTY_BODY = YES;
				CLANG_WARN_ENUM_CONVERSION = YES;
				CLANG_WARN_INFINITE_RECURSION = YES;
				CLANG_WARN_INT_CONVERSION = YES;
				CLANG_WARN_NON_LITERAL_NULL_CONVERSION = YES;
				CLANG_WARN_OBJC_IMPLICIT_RETAIN_SELF = YES;
				CLANG_WARN_OBJC_LITERAL_CONVERSION = YES;
				CLANG_WARN_OBJC_ROOT_CLASS = YES_ERROR;
				CLANG_WARN_QUOTED_INCLUDE_IN_FRAMEWORK_HEADER = YES;
				CLANG_WARN_RANGE_LOOP_ANALYSIS = YES;
				CLANG_WARN_STRICT_PROTOTYPES = YES;
				CLANG_WARN_SUSPICIOUS_MOVE = YES;
				CLANG_WARN_UNGUARDED_AVAILABILITY = YES_AGGRESSIVE;
				CLANG_WARN_UNREACHABLE_CODE = YES;
				CLANG_WARN__DUPLICATE_METHOD_MATCH = YES;
				COPY_PHASE_STRIP = NO;
				DEBUG_INFORMATION_FORMAT = "dwarf-with-dsym";
				ENABLE_NS_ASSERTIONS = NO;
				ENABLE_STRICT_OBJC_MSGSEND = YES;
				GCC_C_LANGUAGE_STANDARD = gnu11;
				GCC_NO_COMMON_BLOCKS = YES;
				GCC_WARN_64_TO_32_BIT_CONVERSION = YES;
				GCC_WARN_ABOUT_RETURN_TYPE = YES_ERROR;
				GCC_WARN_UNDECLARED_SELECTOR = YES;
				GCC_WARN_UNINITIALIZED_AUTOS = YES_AGGRESSIVE;
				GCC_WARN_UNUSED_FUNCTION = YES;
				GCC_WARN_UNUSED_VARIABLE = YES;
				IPHONEOS_DEPLOYMENT_TARGET = 16.0;
				MTL_ENABLE_DEBUG_INFO = NO;
				MTL_FAST_MATH = YES;
				SDKROOT = iphoneos;
				SWIFT_COMPILATION_MODE = wholemodule;
				SWIFT_OPTIMIZATION_LEVEL = "-O";
				VALIDATE_PRODUCT = YES;
			};
			name = Release;
		};
		528B30612902756D00DD376E /* Debug */ = {
			isa = XCBuildConfiguration;
			buildSettings = {
				ASSETCATALOG_COMPILER_APPICON_NAME = AppIcon;
				ASSETCATALOG_COMPILER_GLOBAL_ACCENT_COLOR_NAME = AccentColor;
				CODE_SIGN_STYLE = Automatic;
				CURRENT_PROJECT_VERSION = 1;
				DEVELOPMENT_TEAM = FQJCX687Q4;
				GENERATE_INFOPLIST_FILE = YES;
				INFOPLIST_FILE = Kakao_MVVM/Info.plist;
				INFOPLIST_KEY_UIApplicationSupportsIndirectInputEvents = YES;
				INFOPLIST_KEY_UILaunchStoryboardName = LaunchScreen;
				INFOPLIST_KEY_UIMainStoryboardFile = Main;
				INFOPLIST_KEY_UISupportedInterfaceOrientations_iPad = "UIInterfaceOrientationPortrait UIInterfaceOrientationPortraitUpsideDown UIInterfaceOrientationLandscapeLeft UIInterfaceOrientationLandscapeRight";
				INFOPLIST_KEY_UISupportedInterfaceOrientations_iPhone = "UIInterfaceOrientationPortrait UIInterfaceOrientationLandscapeLeft UIInterfaceOrientationLandscapeRight";
				LD_RUNPATH_SEARCH_PATHS = (
					"$(inherited)",
					"@executable_path/Frameworks",
				);
				MARKETING_VERSION = 1.0;
				PRODUCT_BUNDLE_IDENTIFIER = "Seorin.Kakao-MVVM";
				PRODUCT_NAME = "$(TARGET_NAME)";
				SWIFT_EMIT_LOC_STRINGS = YES;
				SWIFT_VERSION = 5.0;
				TARGETED_DEVICE_FAMILY = "1,2";
			};
			name = Debug;
		};
		528B30622902756D00DD376E /* Release */ = {
			isa = XCBuildConfiguration;
			buildSettings = {
				ASSETCATALOG_COMPILER_APPICON_NAME = AppIcon;
				ASSETCATALOG_COMPILER_GLOBAL_ACCENT_COLOR_NAME = AccentColor;
				CODE_SIGN_STYLE = Automatic;
				CURRENT_PROJECT_VERSION = 1;
				DEVELOPMENT_TEAM = FQJCX687Q4;
				GENERATE_INFOPLIST_FILE = YES;
				INFOPLIST_FILE = Kakao_MVVM/Info.plist;
				INFOPLIST_KEY_UIApplicationSupportsIndirectInputEvents = YES;
				INFOPLIST_KEY_UILaunchStoryboardName = LaunchScreen;
				INFOPLIST_KEY_UIMainStoryboardFile = Main;
				INFOPLIST_KEY_UISupportedInterfaceOrientations_iPad = "UIInterfaceOrientationPortrait UIInterfaceOrientationPortraitUpsideDown UIInterfaceOrientationLandscapeLeft UIInterfaceOrientationLandscapeRight";
				INFOPLIST_KEY_UISupportedInterfaceOrientations_iPhone = "UIInterfaceOrientationPortrait UIInterfaceOrientationLandscapeLeft UIInterfaceOrientationLandscapeRight";
				LD_RUNPATH_SEARCH_PATHS = (
					"$(inherited)",
					"@executable_path/Frameworks",
				);
				MARKETING_VERSION = 1.0;
				PRODUCT_BUNDLE_IDENTIFIER = "Seorin.Kakao-MVVM";
				PRODUCT_NAME = "$(TARGET_NAME)";
				SWIFT_EMIT_LOC_STRINGS = YES;
				SWIFT_VERSION = 5.0;
				TARGETED_DEVICE_FAMILY = "1,2";
			};
			name = Release;
		};
/* End XCBuildConfiguration section */

/* Begin XCConfigurationList section */
		528B30472902756B00DD376E /* Build configuration list for PBXProject "Kakao_MVVM" */ = {
			isa = XCConfigurationList;
			buildConfigurations = (
				528B305E2902756D00DD376E /* Debug */,
				528B305F2902756D00DD376E /* Release */,
			);
			defaultConfigurationIsVisible = 0;
			defaultConfigurationName = Release;
		};
		528B30602902756D00DD376E /* Build configuration list for PBXNativeTarget "Kakao_MVVM" */ = {
			isa = XCConfigurationList;
			buildConfigurations = (
				528B30612902756D00DD376E /* Debug */,
				528B30622902756D00DD376E /* Release */,
			);
			defaultConfigurationIsVisible = 0;
			defaultConfigurationName = Release;
		};
/* End XCConfigurationList section */

/* Begin XCRemoteSwiftPackageReference section */
		521F1A29291E20720039A477 /* XCRemoteSwiftPackageReference "Moya" */ = {
			isa = XCRemoteSwiftPackageReference;
			repositoryURL = "https://github.com/Moya/Moya";
			requirement = {
				branch = master;
				kind = branch;
			};
		};
		525379C0290276DB00682E0B /* XCRemoteSwiftPackageReference "RxSwift" */ = {
			isa = XCRemoteSwiftPackageReference;
			repositoryURL = "https://github.com/ReactiveX/RxSwift";
			requirement = {
				branch = main;
				kind = branch;
			};
		};
		525379C5290276E600682E0B /* XCRemoteSwiftPackageReference "SwiftyColor" */ = {
			isa = XCRemoteSwiftPackageReference;
			repositoryURL = "https://github.com/devxoul/SwiftyColor";
			requirement = {
				branch = master;
				kind = branch;
			};
		};
		525379C8290276FA00682E0B /* XCRemoteSwiftPackageReference "SnapKit" */ = {
			isa = XCRemoteSwiftPackageReference;
			repositoryURL = "https://github.com/SnapKit/SnapKit";
			requirement = {
				branch = develop;
				kind = branch;
			};
		};
		525379CB2902770B00682E0B /* XCRemoteSwiftPackageReference "Then" */ = {
			isa = XCRemoteSwiftPackageReference;
			repositoryURL = "https://github.com/devxoul/Then";
			requirement = {
				branch = master;
				kind = branch;
			};
		};
/* End XCRemoteSwiftPackageReference section */

/* Begin XCSwiftPackageProductDependency section */
		521F1A2A291E20720039A477 /* Moya */ = {
			isa = XCSwiftPackageProductDependency;
			package = 521F1A29291E20720039A477 /* XCRemoteSwiftPackageReference "Moya" */;
			productName = Moya;
		};
		525379C1290276DB00682E0B /* RxCocoa */ = {
			isa = XCSwiftPackageProductDependency;
			package = 525379C0290276DB00682E0B /* XCRemoteSwiftPackageReference "RxSwift" */;
			productName = RxCocoa;
		};
		525379C3290276DB00682E0B /* RxSwift */ = {
			isa = XCSwiftPackageProductDependency;
			package = 525379C0290276DB00682E0B /* XCRemoteSwiftPackageReference "RxSwift" */;
			productName = RxSwift;
		};
		525379C6290276E600682E0B /* SwiftyColor */ = {
			isa = XCSwiftPackageProductDependency;
			package = 525379C5290276E600682E0B /* XCRemoteSwiftPackageReference "SwiftyColor" */;
			productName = SwiftyColor;
		};
		525379C9290276FA00682E0B /* SnapKit */ = {
			isa = XCSwiftPackageProductDependency;
			package = 525379C8290276FA00682E0B /* XCRemoteSwiftPackageReference "SnapKit" */;
			productName = SnapKit;
		};
		525379CC2902770B00682E0B /* Then */ = {
			isa = XCSwiftPackageProductDependency;
			package = 525379CB2902770B00682E0B /* XCRemoteSwiftPackageReference "Then" */;
			productName = Then;
		};
/* End XCSwiftPackageProductDependency section */
	};
	rootObject = 528B30442902756B00DD376E /* Project object */;
}
